
Microsoft Visual Studio Solution File, Format Version 12.00
# Visual Studio Version 16
VisualStudioVersion = 16.0.29009.5
MinimumVisualStudioVersion = 10.0.40219.1
Project("{FAE04EC0-301F-11D3-BF4B-00C04F79EFBC}") = "WindowsFormsApp", "WindowsFormsApp\WindowsFormsApp.csproj", "{78ED1D88-F37B-4E94-9D9D-AF42B91E6540}"
EndProject
Project("{FAE04EC0-301F-11D3-BF4B-00C04F79EFBC}") = "Data", "Data\Data.csproj", "{38D78C5F-728E-4EC8-AA26-2E4B76B8B9D0}"
EndProject
Project("{FAE04EC0-301F-11D3-BF4B-00C04F79EFBC}") = "WPF1", "WPF1\WPF1.csproj", "{51B249A9-2B48-4702-93DE-7E24D310BDCC}"
EndProject
Global
	GlobalSection(SolutionConfigurationPlatforms) = preSolution
		Debug|Any CPU = Debug|Any CPU
		Release|Any CPU = Release|Any CPU
	EndGlobalSection
	GlobalSection(ProjectConfigurationPlatforms) = postSolution
		{78ED1D88-F37B-4E94-9D9D-AF42B91E6540}.Debug|Any CPU.ActiveCfg = Debug|Any CPU
		{78ED1D88-F37B-4E94-9D9D-AF42B91E6540}.Debug|Any CPU.Build.0 = Debug|Any CPU
		{78ED1D88-F37B-4E94-9D9D-AF42B91E6540}.Release|Any CPU.ActiveCfg = Release|Any CPU
		{78ED1D88-F37B-4E94-9D9D-AF42B91E6540}.Release|Any CPU.Build.0 = Release|Any CPU
		{38D78C5F-728E-4EC8-AA26-2E4B76B8B9D0}.Debug|Any CPU.ActiveCfg = Debug|Any CPU
		{38D78C5F-728E-4EC8-AA26-2E4B76B8B9D0}.Debug|Any CPU.Build.0 = Debug|Any CPU
		{38D78C5F-728E-4EC8-AA26-2E4B76B8B9D0}.Release|Any CPU.ActiveCfg = Release|Any CPU
		{38D78C5F-728E-4EC8-AA26-2E4B76B8B9D0}.Release|Any CPU.Build.0 = Release|Any CPU
		{51B249A9-2B48-4702-93DE-7E24D310BDCC}.Debug|Any CPU.ActiveCfg = Debug|Any CPU
		{51B249A9-2B48-4702-93DE-7E24D310BDCC}.Debug|Any CPU.Build.0 = Debug|Any CPU
		{51B249A9-2B48-4702-93DE-7E24D310BDCC}.Release|Any CPU.ActiveCfg = Release|Any CPU
		{51B249A9-2B48-4702-93DE-7E24D310BDCC}.Release|Any CPU.Build.0 = Release|Any CPU
	EndGlobalSection
	GlobalSection(SolutionProperties) = preSolution
		HideSolutionNode = FALSE
	EndGlobalSection
	GlobalSection(ExtensibilityGlobals) = postSolution
		SolutionGuid = {413D7648-F2F8-48DD-A1CF-8F2FEE84F524}
	EndGlobalSection
EndGlobal
